
Microsoft Visual Studio Solution File, Format Version 12.00
# Visual Studio Version 17
VisualStudioVersion = 17.6.33829.357
MinimumVisualStudioVersion = 10.0.40219.1
Project("{9A19103F-16F7-4668-BE54-9A1E7A4F7556}") = "GraphicsCalculator", "GraphicsCalculator\GraphicsCalculator.csproj", "{C1743D28-54AE-4035-90D1-6B0C94F5E1BE}"
EndProject
Project("{9A19103F-16F7-4668-BE54-9A1E7A4F7556}") = "GraphicsCalculator.Desktop", "GraphicsCalculator.Desktop\GraphicsCalculator.Desktop.csproj", "{4968F8C5-9F22-45CD-BD94-35547CE6994D}"
EndProject
Global
	GlobalSection(SolutionConfigurationPlatforms) = preSolution
		Debug|Any CPU = Debug|Any CPU
		Release|Any CPU = Release|Any CPU
	EndGlobalSection
	GlobalSection(ProjectConfigurationPlatforms) = postSolution
		{C1743D28-54AE-4035-90D1-6B0C94F5E1BE}.Debug|Any CPU.ActiveCfg = Debug|Any CPU
		{C1743D28-54AE-4035-90D1-6B0C94F5E1BE}.Debug|Any CPU.Build.0 = Debug|Any CPU
		{C1743D28-54AE-4035-90D1-6B0C94F5E1BE}.Release|Any CPU.ActiveCfg = Release|Any CPU
		{C1743D28-54AE-4035-90D1-6B0C94F5E1BE}.Release|Any CPU.Build.0 = Release|Any CPU
		{4968F8C5-9F22-45CD-BD94-35547CE6994D}.Debug|Any CPU.ActiveCfg = Debug|Any CPU
		{4968F8C5-9F22-45CD-BD94-35547CE6994D}.Debug|Any CPU.Build.0 = Debug|Any CPU
		{4968F8C5-9F22-45CD-BD94-35547CE6994D}.Release|Any CPU.ActiveCfg = Release|Any CPU
		{4968F8C5-9F22-45CD-BD94-35547CE6994D}.Release|Any CPU.Build.0 = Release|Any CPU
	EndGlobalSection
	GlobalSection(SolutionProperties) = preSolution
		HideSolutionNode = FALSE
	EndGlobalSection
	GlobalSection(ExtensibilityGlobals) = postSolution
		SolutionGuid = {C1555829-B5DF-4E6B-8068-D53AACCCD433}
	EndGlobalSection
EndGlobal
